// !$*UTF8*$!
{
	archiveVersion = 1;
	classes = {
	};
	objectVersion = 77;
	objects = {

/* Begin PBXBuildFile section */
		02868A62977FC1F7E2CEE496 /* VideoFrameExtractor.swift in Sources */ = {isa = PBXBuildFile; fileRef = D7984D2693C63DFAA8F164E2 /* VideoFrameExtractor.swift */; };
		0527545F311F1FCB2DD677FF /* DirectionPicker.swift in Sources */ = {isa = PBXBuildFile; fileRef = D33AB3BCC6A6B2F9CBFFA803 /* DirectionPicker.swift */; };
		061A6B6DDB19F6A8E282EC99 /* V85CardView.swift in Sources */ = {isa = PBXBuildFile; fileRef = B477DAEE5E2F153077812770 /* V85CardView.swift */; };
		086E72CF0D34F8524ECF1DC8 /* VideoRecorderView.swift in Sources */ = {isa = PBXBuildFile; fileRef = 58765E1A93CF0342AD4F7BEC /* VideoRecorderView.swift */; };
		08CFA017DEDF5C2222E9256B /* DemoBanner.swift in Sources */ = {isa = PBXBuildFile; fileRef = 009BB3FDB97376EEF18FEE26 /* DemoBanner.swift */; };
		0CE36F0352225E986F522204 /* ReportView.swift in Sources */ = {isa = PBXBuildFile; fileRef = 075B756386BB5863DA65FBDF /* ReportView.swift */; };
		1DC9D02E104D96DE0AB3B532 /* CalibrationViewModelTests.swift in Sources */ = {isa = PBXBuildFile; fileRef = 2FFEC0D54A19B8FCD5839E19 /* CalibrationViewModelTests.swift */; };
		29D27B345A29324C2E785C03 /* VehicleTypePicker.swift in Sources */ = {isa = PBXBuildFile; fileRef = A2A165BFE0AFFC3A212FF719 /* VehicleTypePicker.swift */; };
		2AD2496ABDB5427565A066B6 /* PIIBlurServiceTests.swift in Sources */ = {isa = PBXBuildFile; fileRef = 9BDAC6D76C333594495EEDCF /* PIIBlurServiceTests.swift */; };
		2E17E8003FDC96F0AEB72B2F /* GoogleService-Info.plist in Resources */ = {isa = PBXBuildFile; fileRef = 26BC4AB5E5A5710E42FEB072 /* GoogleService-Info.plist */; };
		35BA6F2EC5BC540DA4EB5211 /* ReportViewModelTests.swift in Sources */ = {isa = PBXBuildFile; fileRef = ACE4C2586622FDE791DD7B6D /* ReportViewModelTests.swift */; };
		380066D4220359B3E26E9135 /* LogView.swift in Sources */ = {isa = PBXBuildFile; fileRef = 75C2CE2C5561A062D29A7891 /* LogView.swift */; };
		396076A4A0AE55019A2330D8 /* SpeedCalculatorTests.swift in Sources */ = {isa = PBXBuildFile; fileRef = 537CCBAB5FAF54223F3A49AF /* SpeedCalculatorTests.swift */; };
		3A3D0583304474BB745FF850 /* HapticManager.swift in Sources */ = {isa = PBXBuildFile; fileRef = FFF756416CD083546000330C /* HapticManager.swift */; };
		3ADFBEAAE7C9D44D7F7CD24B /* CalibrationTests.swift in Sources */ = {isa = PBXBuildFile; fileRef = 89D55457E0849239FA74678F /* CalibrationTests.swift */; };
		3EB111093E4A7C1D7C4D5D7B /* VehicleRefPicker.swift in Sources */ = {isa = PBXBuildFile; fileRef = 00E79D8618F4F2D24D94D00D /* VehicleRefPicker.swift */; };
		447E1E645094437D0BF67CC0 /* CoordinateMapperTests.swift in Sources */ = {isa = PBXBuildFile; fileRef = 38D16794431DFB880A87225B /* CoordinateMapperTests.swift */; };
		4708EE1D9301544078EFC179 /* FrameSelectorView.swift in Sources */ = {isa = PBXBuildFile; fileRef = 115F702DDF9356A7793E2724 /* FrameSelectorView.swift */; };
		47679D062CCAEE688214451C /* ImageMarkerOverlay.swift in Sources */ = {isa = PBXBuildFile; fileRef = C745F1C94A27793954831F63 /* ImageMarkerOverlay.swift */; };
		480E39ACDCEE8D459D6585F7 /* SpeedEntryTests.swift in Sources */ = {isa = PBXBuildFile; fileRef = A923CD6B2271D8D6B3E2CD5E /* SpeedEntryTests.swift */; };
		481F235545802BDB2DEB7F04 /* CaptureView.swift in Sources */ = {isa = PBXBuildFile; fileRef = 648AF0AEE6B09D68A2980382 /* CaptureView.swift */; };
		5BD48B733A5B5C847CBF4FC9 /* FirebaseCrashlytics in Frameworks */ = {isa = PBXBuildFile; productRef = A67C08CFE7688D9903E5F52D /* FirebaseCrashlytics */; };
		6993C91BBBD30C25397E2E97 /* CaptureViewModel.swift in Sources */ = {isa = PBXBuildFile; fileRef = 8AB6042166D292D2DCC2700D /* CaptureViewModel.swift */; };
		69EAD6B1B79E36CED6F3652C /* PIIBlurService.swift in Sources */ = {isa = PBXBuildFile; fileRef = 7783AC8A6FA43BC126891F38 /* PIIBlurService.swift */; };
		7378C09EF250D91EA696F08C /* SpeedEntry.swift in Sources */ = {isa = PBXBuildFile; fileRef = 5635FD6EB01979D112340CC4 /* SpeedEntry.swift */; };
		76381DFE4367C6DD04C49370 /* CalibrateView.swift in Sources */ = {isa = PBXBuildFile; fileRef = BAF9A07F59C639EAD454901F /* CalibrateView.swift */; };
		8ABB751F1EBE1C3D120B297E /* Assets.xcassets in Resources */ = {isa = PBXBuildFile; fileRef = A0354163D2D08D093CD8AF19 /* Assets.xcassets */; };
		963A93C6109518ACCC08A5C3 /* LogViewModel.swift in Sources */ = {isa = PBXBuildFile; fileRef = 3685454CF76255109D5775A2 /* LogViewModel.swift */; };
		9BB1E4BA5AA6B52E5BA674DF /* LogDetailView.swift in Sources */ = {isa = PBXBuildFile; fileRef = 9CA8FD0467D2FCDBBC5D13B4 /* LogDetailView.swift */; };
		9D90D07295F60731E756296B /* FrameMarkerView.swift in Sources */ = {isa = PBXBuildFile; fileRef = 84B3E981B6216D4DB292F99D /* FrameMarkerView.swift */; };
		AAF94F9C62F917053502B4FC /* CalibrationViewModel.swift in Sources */ = {isa = PBXBuildFile; fileRef = 28B93F70E6B0E6E2BEAEB328 /* CalibrationViewModel.swift */; };
		AB21F28C8685E981D80482F8 /* SlowThemDownApp.swift in Sources */ = {isa = PBXBuildFile; fileRef = A8DC79F0CB2131404EA7C783 /* SlowThemDownApp.swift */; };
		B237C60C5A10B288DE8C61D0 /* SeedData.swift in Sources */ = {isa = PBXBuildFile; fileRef = A0A1FC3D67AFD3A1E25499C9 /* SeedData.swift */; };
		B65AA162CF531F2AC12F11D2 /* SpeedResultView.swift in Sources */ = {isa = PBXBuildFile; fileRef = 4EA4B084E443D2CCD6037933 /* SpeedResultView.swift */; };
		B768B8104C52646D07CCEF63 /* MetricCard.swift in Sources */ = {isa = PBXBuildFile; fileRef = 530C712C3EC796408BFB3CCA /* MetricCard.swift */; };
		BB3F77A8FF7D126D61FCAB3A /* SpeedBadge.swift in Sources */ = {isa = PBXBuildFile; fileRef = DB195968CF9F81520F0CE434 /* SpeedBadge.swift */; };
		BECB0CB5E8CFD15497B552A0 /* RoadStandards.swift in Sources */ = {isa = PBXBuildFile; fileRef = 12D98259EC568C5CE9165613 /* RoadStandards.swift */; };
		C48C84D255084000E870C5C3 /* CaptureViewModelTests.swift in Sources */ = {isa = PBXBuildFile; fileRef = 8E125AFDE8BD433E2A22075D /* CaptureViewModelTests.swift */; };
		CEE57FC771538ACA7AB491E2 /* LocationManager.swift in Sources */ = {isa = PBXBuildFile; fileRef = 6E5AA453EEBCA840B9F79DE8 /* LocationManager.swift */; };
		D559C2833DAEA0A1A8E703A0 /* ReportViewModel.swift in Sources */ = {isa = PBXBuildFile; fileRef = 8704C8C9AFD577AD5BF08856 /* ReportViewModel.swift */; };
		D64F47A1B351D661B181B412 /* ReportExporter.swift in Sources */ = {isa = PBXBuildFile; fileRef = A37286E2564E752BBBE3E4FA /* ReportExporter.swift */; };
		D80825B5E85170131ECB736F /* SpeedCalculator.swift in Sources */ = {isa = PBXBuildFile; fileRef = C9793B8022619CD4379AC089 /* SpeedCalculator.swift */; };
		E4021A1464CAE25D17616D05 /* VehicleReferences.swift in Sources */ = {isa = PBXBuildFile; fileRef = FB1BFEBFF54830B10D517B66 /* VehicleReferences.swift */; };
		EEC9E1AE25849A62B23422E2 /* Calibration.swift in Sources */ = {isa = PBXBuildFile; fileRef = F816BD022D4B9A3ED5F51CEC /* Calibration.swift */; };
		F40FF3E57CFABA91647F4E32 /* LogViewModelTests.swift in Sources */ = {isa = PBXBuildFile; fileRef = C7B94E5ED291760C55DB59F3 /* LogViewModelTests.swift */; };
		F971C8DA4A433A2A1A5919DA /* OnboardingView.swift in Sources */ = {isa = PBXBuildFile; fileRef = 5B76FA20D937238BDAB1F27B /* OnboardingView.swift */; };
		FB21F5AFF2633032B37C99E8 /* CoordinateMapper.swift in Sources */ = {isa = PBXBuildFile; fileRef = 56B2B45F02AF33208619D5B5 /* CoordinateMapper.swift */; };
		FD201CBE8475788813EE1170 /* ContentView.swift in Sources */ = {isa = PBXBuildFile; fileRef = BF410C15E9F4F877F32531AC /* ContentView.swift */; };
/* End PBXBuildFile section */

/* Begin PBXContainerItemProxy section */
		A3C5880531263C971D4DEFCC /* PBXContainerItemProxy */ = {
			isa = PBXContainerItemProxy;
			containerPortal = 0FA8946B309B13CB255BB096 /* Project object */;
			proxyType = 1;
			remoteGlobalIDString = DCB50EEC289C786B87CA6E9F;
			remoteInfo = SlowThemDown;
		};
/* End PBXContainerItemProxy section */

/* Begin PBXFileReference section */
		009BB3FDB97376EEF18FEE26 /* DemoBanner.swift */ = {isa = PBXFileReference; lastKnownFileType = sourcecode.swift; path = DemoBanner.swift; sourceTree = "<group>"; };
		00E79D8618F4F2D24D94D00D /* VehicleRefPicker.swift */ = {isa = PBXFileReference; lastKnownFileType = sourcecode.swift; path = VehicleRefPicker.swift; sourceTree = "<group>"; };
		075B756386BB5863DA65FBDF /* ReportView.swift */ = {isa = PBXFileReference; lastKnownFileType = sourcecode.swift; path = ReportView.swift; sourceTree = "<group>"; };
		115F702DDF9356A7793E2724 /* FrameSelectorView.swift */ = {isa = PBXFileReference; lastKnownFileType = sourcecode.swift; path = FrameSelectorView.swift; sourceTree = "<group>"; };
		12D98259EC568C5CE9165613 /* RoadStandards.swift */ = {isa = PBXFileReference; lastKnownFileType = sourcecode.swift; path = RoadStandards.swift; sourceTree = "<group>"; };
		26BC4AB5E5A5710E42FEB072 /* GoogleService-Info.plist */ = {isa = PBXFileReference; lastKnownFileType = text.plist; path = "GoogleService-Info.plist"; sourceTree = "<group>"; };
		28B93F70E6B0E6E2BEAEB328 /* CalibrationViewModel.swift */ = {isa = PBXFileReference; lastKnownFileType = sourcecode.swift; path = CalibrationViewModel.swift; sourceTree = "<group>"; };
		2FFEC0D54A19B8FCD5839E19 /* CalibrationViewModelTests.swift */ = {isa = PBXFileReference; lastKnownFileType = sourcecode.swift; path = CalibrationViewModelTests.swift; sourceTree = "<group>"; };
		3685454CF76255109D5775A2 /* LogViewModel.swift */ = {isa = PBXFileReference; lastKnownFileType = sourcecode.swift; path = LogViewModel.swift; sourceTree = "<group>"; };
		38D16794431DFB880A87225B /* CoordinateMapperTests.swift */ = {isa = PBXFileReference; lastKnownFileType = sourcecode.swift; path = CoordinateMapperTests.swift; sourceTree = "<group>"; };
		4EA4B084E443D2CCD6037933 /* SpeedResultView.swift */ = {isa = PBXFileReference; lastKnownFileType = sourcecode.swift; path = SpeedResultView.swift; sourceTree = "<group>"; };
		530C712C3EC796408BFB3CCA /* MetricCard.swift */ = {isa = PBXFileReference; lastKnownFileType = sourcecode.swift; path = MetricCard.swift; sourceTree = "<group>"; };
		537CCBAB5FAF54223F3A49AF /* SpeedCalculatorTests.swift */ = {isa = PBXFileReference; lastKnownFileType = sourcecode.swift; path = SpeedCalculatorTests.swift; sourceTree = "<group>"; };
		5635FD6EB01979D112340CC4 /* SpeedEntry.swift */ = {isa = PBXFileReference; lastKnownFileType = sourcecode.swift; path = SpeedEntry.swift; sourceTree = "<group>"; };
		56B2B45F02AF33208619D5B5 /* CoordinateMapper.swift */ = {isa = PBXFileReference; lastKnownFileType = sourcecode.swift; path = CoordinateMapper.swift; sourceTree = "<group>"; };
		58765E1A93CF0342AD4F7BEC /* VideoRecorderView.swift */ = {isa = PBXFileReference; lastKnownFileType = sourcecode.swift; path = VideoRecorderView.swift; sourceTree = "<group>"; };
		5B76FA20D937238BDAB1F27B /* OnboardingView.swift */ = {isa = PBXFileReference; lastKnownFileType = sourcecode.swift; path = OnboardingView.swift; sourceTree = "<group>"; };
		648AF0AEE6B09D68A2980382 /* CaptureView.swift */ = {isa = PBXFileReference; lastKnownFileType = sourcecode.swift; path = CaptureView.swift; sourceTree = "<group>"; };
		6E5AA453EEBCA840B9F79DE8 /* LocationManager.swift */ = {isa = PBXFileReference; lastKnownFileType = sourcecode.swift; path = LocationManager.swift; sourceTree = "<group>"; };
		75C2CE2C5561A062D29A7891 /* LogView.swift */ = {isa = PBXFileReference; lastKnownFileType = sourcecode.swift; path = LogView.swift; sourceTree = "<group>"; };
		7783AC8A6FA43BC126891F38 /* PIIBlurService.swift */ = {isa = PBXFileReference; lastKnownFileType = sourcecode.swift; path = PIIBlurService.swift; sourceTree = "<group>"; };
		84B3E981B6216D4DB292F99D /* FrameMarkerView.swift */ = {isa = PBXFileReference; lastKnownFileType = sourcecode.swift; path = FrameMarkerView.swift; sourceTree = "<group>"; };
		8704C8C9AFD577AD5BF08856 /* ReportViewModel.swift */ = {isa = PBXFileReference; lastKnownFileType = sourcecode.swift; path = ReportViewModel.swift; sourceTree = "<group>"; };
		89D55457E0849239FA74678F /* CalibrationTests.swift */ = {isa = PBXFileReference; lastKnownFileType = sourcecode.swift; path = CalibrationTests.swift; sourceTree = "<group>"; };
		8AB6042166D292D2DCC2700D /* CaptureViewModel.swift */ = {isa = PBXFileReference; lastKnownFileType = sourcecode.swift; path = CaptureViewModel.swift; sourceTree = "<group>"; };
		8E125AFDE8BD433E2A22075D /* CaptureViewModelTests.swift */ = {isa = PBXFileReference; lastKnownFileType = sourcecode.swift; path = CaptureViewModelTests.swift; sourceTree = "<group>"; };
		94075604E995DB222B335641 /* SlowThemDown.app */ = {isa = PBXFileReference; includeInIndex = 0; lastKnownFileType = wrapper.application; path = SlowThemDown.app; sourceTree = BUILT_PRODUCTS_DIR; };
		9BDAC6D76C333594495EEDCF /* PIIBlurServiceTests.swift */ = {isa = PBXFileReference; lastKnownFileType = sourcecode.swift; path = PIIBlurServiceTests.swift; sourceTree = "<group>"; };
		9CA8FD0467D2FCDBBC5D13B4 /* LogDetailView.swift */ = {isa = PBXFileReference; lastKnownFileType = sourcecode.swift; path = LogDetailView.swift; sourceTree = "<group>"; };
		A0354163D2D08D093CD8AF19 /* Assets.xcassets */ = {isa = PBXFileReference; lastKnownFileType = folder.assetcatalog; path = Assets.xcassets; sourceTree = "<group>"; };
		A0A1FC3D67AFD3A1E25499C9 /* SeedData.swift */ = {isa = PBXFileReference; lastKnownFileType = sourcecode.swift; path = SeedData.swift; sourceTree = "<group>"; };
		A2A165BFE0AFFC3A212FF719 /* VehicleTypePicker.swift */ = {isa = PBXFileReference; lastKnownFileType = sourcecode.swift; path = VehicleTypePicker.swift; sourceTree = "<group>"; };
		A37286E2564E752BBBE3E4FA /* ReportExporter.swift */ = {isa = PBXFileReference; lastKnownFileType = sourcecode.swift; path = ReportExporter.swift; sourceTree = "<group>"; };
		A8DC79F0CB2131404EA7C783 /* SlowThemDownApp.swift */ = {isa = PBXFileReference; lastKnownFileType = sourcecode.swift; path = SlowThemDownApp.swift; sourceTree = "<group>"; };
		A923CD6B2271D8D6B3E2CD5E /* SpeedEntryTests.swift */ = {isa = PBXFileReference; lastKnownFileType = sourcecode.swift; path = SpeedEntryTests.swift; sourceTree = "<group>"; };
		ACE4C2586622FDE791DD7B6D /* ReportViewModelTests.swift */ = {isa = PBXFileReference; lastKnownFileType = sourcecode.swift; path = ReportViewModelTests.swift; sourceTree = "<group>"; };
		B477DAEE5E2F153077812770 /* V85CardView.swift */ = {isa = PBXFileReference; lastKnownFileType = sourcecode.swift; path = V85CardView.swift; sourceTree = "<group>"; };
		BAF9A07F59C639EAD454901F /* CalibrateView.swift */ = {isa = PBXFileReference; lastKnownFileType = sourcecode.swift; path = CalibrateView.swift; sourceTree = "<group>"; };
		BF410C15E9F4F877F32531AC /* ContentView.swift */ = {isa = PBXFileReference; lastKnownFileType = sourcecode.swift; path = ContentView.swift; sourceTree = "<group>"; };
		C745F1C94A27793954831F63 /* ImageMarkerOverlay.swift */ = {isa = PBXFileReference; lastKnownFileType = sourcecode.swift; path = ImageMarkerOverlay.swift; sourceTree = "<group>"; };
		C7B94E5ED291760C55DB59F3 /* LogViewModelTests.swift */ = {isa = PBXFileReference; lastKnownFileType = sourcecode.swift; path = LogViewModelTests.swift; sourceTree = "<group>"; };
		C9793B8022619CD4379AC089 /* SpeedCalculator.swift */ = {isa = PBXFileReference; lastKnownFileType = sourcecode.swift; path = SpeedCalculator.swift; sourceTree = "<group>"; };
		D33AB3BCC6A6B2F9CBFFA803 /* DirectionPicker.swift */ = {isa = PBXFileReference; lastKnownFileType = sourcecode.swift; path = DirectionPicker.swift; sourceTree = "<group>"; };
		D7984D2693C63DFAA8F164E2 /* VideoFrameExtractor.swift */ = {isa = PBXFileReference; lastKnownFileType = sourcecode.swift; path = VideoFrameExtractor.swift; sourceTree = "<group>"; };
		DA91F0D74A259424327732A9 /* SlowThemDownTests.xctest */ = {isa = PBXFileReference; includeInIndex = 0; lastKnownFileType = wrapper.cfbundle; path = SlowThemDownTests.xctest; sourceTree = BUILT_PRODUCTS_DIR; };
		DB195968CF9F81520F0CE434 /* SpeedBadge.swift */ = {isa = PBXFileReference; lastKnownFileType = sourcecode.swift; path = SpeedBadge.swift; sourceTree = "<group>"; };
		F816BD022D4B9A3ED5F51CEC /* Calibration.swift */ = {isa = PBXFileReference; lastKnownFileType = sourcecode.swift; path = Calibration.swift; sourceTree = "<group>"; };
		FB1BFEBFF54830B10D517B66 /* VehicleReferences.swift */ = {isa = PBXFileReference; lastKnownFileType = sourcecode.swift; path = VehicleReferences.swift; sourceTree = "<group>"; };
		FFF756416CD083546000330C /* HapticManager.swift */ = {isa = PBXFileReference; lastKnownFileType = sourcecode.swift; path = HapticManager.swift; sourceTree = "<group>"; };
/* End PBXFileReference section */

/* Begin PBXFrameworksBuildPhase section */
		E3EAA245F76966D149B0B5C8 /* Frameworks */ = {
			isa = PBXFrameworksBuildPhase;
			buildActionMask = 2147483647;
			files = (
				5BD48B733A5B5C847CBF4FC9 /* FirebaseCrashlytics in Frameworks */,
			);
			runOnlyForDeploymentPostprocessing = 0;
		};
/* End PBXFrameworksBuildPhase section */

/* Begin PBXGroup section */
		2237A0BF3FAF1CE0630684A5 /* Components */ = {
			isa = PBXGroup;
			children = (
				009BB3FDB97376EEF18FEE26 /* DemoBanner.swift */,
				D33AB3BCC6A6B2F9CBFFA803 /* DirectionPicker.swift */,
				530C712C3EC796408BFB3CCA /* MetricCard.swift */,
				DB195968CF9F81520F0CE434 /* SpeedBadge.swift */,
				00E79D8618F4F2D24D94D00D /* VehicleRefPicker.swift */,
				A2A165BFE0AFFC3A212FF719 /* VehicleTypePicker.swift */,
			);
			path = Components;
			sourceTree = "<group>";
		};
		2C717F2F618E0BEC540B7E9F /* SlowThemDown */ = {
			isa = PBXGroup;
			children = (
				A0354163D2D08D093CD8AF19 /* Assets.xcassets */,
				26BC4AB5E5A5710E42FEB072 /* GoogleService-Info.plist */,
				A8DC79F0CB2131404EA7C783 /* SlowThemDownApp.swift */,
				A74532B74BD69E0254A14BB1 /* Debug */,
				EE73B65ABAD8D47D630E6380 /* Models */,
				5DDE6A29A0447DC0FB81FBD9 /* Services */,
				A919270727F8E4799599ACAA /* ViewModels */,
				AD395D9FDC66CF6EA504A140 /* Views */,
			);
			path = SlowThemDown;
			sourceTree = "<group>";
		};
		3625E5F3A75A9B763B8C8403 = {
			isa = PBXGroup;
			children = (
				2C717F2F618E0BEC540B7E9F /* SlowThemDown */,
				B19903CE1132D3A92AB60EDD /* SlowThemDownTests */,
				3E67F7ACBBAAA4CA79EFB99F /* Products */,
			);
			sourceTree = "<group>";
		};
		3E67F7ACBBAAA4CA79EFB99F /* Products */ = {
			isa = PBXGroup;
			children = (
				94075604E995DB222B335641 /* SlowThemDown.app */,
				DA91F0D74A259424327732A9 /* SlowThemDownTests.xctest */,
			);
			name = Products;
			sourceTree = "<group>";
		};
		460ED202E5392B634EA29AB5 /* Reports */ = {
			isa = PBXGroup;
			children = (
				A37286E2564E752BBBE3E4FA /* ReportExporter.swift */,
				075B756386BB5863DA65FBDF /* ReportView.swift */,
				B477DAEE5E2F153077812770 /* V85CardView.swift */,
			);
			path = Reports;
			sourceTree = "<group>";
		};
		5DDE6A29A0447DC0FB81FBD9 /* Services */ = {
			isa = PBXGroup;
			children = (
				56B2B45F02AF33208619D5B5 /* CoordinateMapper.swift */,
				FFF756416CD083546000330C /* HapticManager.swift */,
				6E5AA453EEBCA840B9F79DE8 /* LocationManager.swift */,
				7783AC8A6FA43BC126891F38 /* PIIBlurService.swift */,
				D7984D2693C63DFAA8F164E2 /* VideoFrameExtractor.swift */,
			);
			path = Services;
			sourceTree = "<group>";
		};
		66844D19D5FFAE11F16E9861 /* Calibrate */ = {
			isa = PBXGroup;
			children = (
				BAF9A07F59C639EAD454901F /* CalibrateView.swift */,
			);
			path = Calibrate;
			sourceTree = "<group>";
		};
		835044958582765886375B4D /* Shared */ = {
			isa = PBXGroup;
			children = (
				C745F1C94A27793954831F63 /* ImageMarkerOverlay.swift */,
			);
			path = Shared;
			sourceTree = "<group>";
		};
		91D475ED8D1A0DE9D0583FD5 /* Log */ = {
			isa = PBXGroup;
			children = (
				9CA8FD0467D2FCDBBC5D13B4 /* LogDetailView.swift */,
				75C2CE2C5561A062D29A7891 /* LogView.swift */,
			);
			path = Log;
			sourceTree = "<group>";
		};
		A74532B74BD69E0254A14BB1 /* Debug */ = {
			isa = PBXGroup;
			children = (
				A0A1FC3D67AFD3A1E25499C9 /* SeedData.swift */,
			);
			path = Debug;
			sourceTree = "<group>";
		};
		A919270727F8E4799599ACAA /* ViewModels */ = {
			isa = PBXGroup;
			children = (
				28B93F70E6B0E6E2BEAEB328 /* CalibrationViewModel.swift */,
				8AB6042166D292D2DCC2700D /* CaptureViewModel.swift */,
				3685454CF76255109D5775A2 /* LogViewModel.swift */,
				8704C8C9AFD577AD5BF08856 /* ReportViewModel.swift */,
			);
			path = ViewModels;
			sourceTree = "<group>";
		};
		AD395D9FDC66CF6EA504A140 /* Views */ = {
			isa = PBXGroup;
			children = (
				BF410C15E9F4F877F32531AC /* ContentView.swift */,
				66844D19D5FFAE11F16E9861 /* Calibrate */,
				B94099674335C91E09F4AD44 /* Capture */,
				2237A0BF3FAF1CE0630684A5 /* Components */,
				91D475ED8D1A0DE9D0583FD5 /* Log */,
				C609B8B14BAF3D6F1FDEA791 /* Onboarding */,
				460ED202E5392B634EA29AB5 /* Reports */,
				835044958582765886375B4D /* Shared */,
			);
			path = Views;
			sourceTree = "<group>";
		};
		B19903CE1132D3A92AB60EDD /* SlowThemDownTests */ = {
			isa = PBXGroup;
			children = (
				89D55457E0849239FA74678F /* CalibrationTests.swift */,
				2FFEC0D54A19B8FCD5839E19 /* CalibrationViewModelTests.swift */,
				8E125AFDE8BD433E2A22075D /* CaptureViewModelTests.swift */,
				38D16794431DFB880A87225B /* CoordinateMapperTests.swift */,
				C7B94E5ED291760C55DB59F3 /* LogViewModelTests.swift */,
				9BDAC6D76C333594495EEDCF /* PIIBlurServiceTests.swift */,
				ACE4C2586622FDE791DD7B6D /* ReportViewModelTests.swift */,
				537CCBAB5FAF54223F3A49AF /* SpeedCalculatorTests.swift */,
				A923CD6B2271D8D6B3E2CD5E /* SpeedEntryTests.swift */,
			);
			path = SlowThemDownTests;
			sourceTree = "<group>";
		};
		B94099674335C91E09F4AD44 /* Capture */ = {
			isa = PBXGroup;
			children = (
				648AF0AEE6B09D68A2980382 /* CaptureView.swift */,
				84B3E981B6216D4DB292F99D /* FrameMarkerView.swift */,
				115F702DDF9356A7793E2724 /* FrameSelectorView.swift */,
				4EA4B084E443D2CCD6037933 /* SpeedResultView.swift */,
				58765E1A93CF0342AD4F7BEC /* VideoRecorderView.swift */,
			);
			path = Capture;
			sourceTree = "<group>";
		};
		C609B8B14BAF3D6F1FDEA791 /* Onboarding */ = {
			isa = PBXGroup;
			children = (
				5B76FA20D937238BDAB1F27B /* OnboardingView.swift */,
			);
			path = Onboarding;
			sourceTree = "<group>";
		};
		EE73B65ABAD8D47D630E6380 /* Models */ = {
			isa = PBXGroup;
			children = (
				F816BD022D4B9A3ED5F51CEC /* Calibration.swift */,
				12D98259EC568C5CE9165613 /* RoadStandards.swift */,
				C9793B8022619CD4379AC089 /* SpeedCalculator.swift */,
				5635FD6EB01979D112340CC4 /* SpeedEntry.swift */,
				FB1BFEBFF54830B10D517B66 /* VehicleReferences.swift */,
			);
			path = Models;
			sourceTree = "<group>";
		};
/* End PBXGroup section */

/* Begin PBXNativeTarget section */
		C2A39E836AB4E8F8E4F6EDF1 /* SlowThemDownTests */ = {
			isa = PBXNativeTarget;
			buildConfigurationList = 2B3EFE655AD87CF6DC87FF35 /* Build configuration list for PBXNativeTarget "SlowThemDownTests" */;
			buildPhases = (
				94FDD8B040EAD214D4BFF4AF /* Sources */,
			);
			buildRules = (
			);
			dependencies = (
				0D0C480DDADB17BB2ABA136D /* PBXTargetDependency */,
			);
			name = SlowThemDownTests;
			packageProductDependencies = (
			);
			productName = SlowThemDownTests;
			productReference = DA91F0D74A259424327732A9 /* SlowThemDownTests.xctest */;
			productType = "com.apple.product-type.bundle.unit-test";
		};
		DCB50EEC289C786B87CA6E9F /* SlowThemDown */ = {
			isa = PBXNativeTarget;
			buildConfigurationList = B99B5E7FC1F4683EFE9FE972 /* Build configuration list for PBXNativeTarget "SlowThemDown" */;
			buildPhases = (
				0169675ED888E332D5FDEF3B /* Sources */,
				E11211717F3111EF0180F38D /* Upload dSYMs to Crashlytics */,
				519DD97D07C33CFAAA07304A /* Resources */,
				E3EAA245F76966D149B0B5C8 /* Frameworks */,
			);
			buildRules = (
			);
			dependencies = (
			);
			name = SlowThemDown;
			packageProductDependencies = (
				A67C08CFE7688D9903E5F52D /* FirebaseCrashlytics */,
			);
			productName = SlowThemDown;
			productReference = 94075604E995DB222B335641 /* SlowThemDown.app */;
			productType = "com.apple.product-type.application";
		};
/* End PBXNativeTarget section */

/* Begin PBXProject section */
		0FA8946B309B13CB255BB096 /* Project object */ = {
			isa = PBXProject;
			attributes = {
				BuildIndependentTargetsInParallel = YES;
				LastUpgradeCheck = 1500;
				TargetAttributes = {
					C2A39E836AB4E8F8E4F6EDF1 = {
						DevelopmentTeam = "";
					};
				};
			};
			buildConfigurationList = FE2F99369445CFBDF22F587E /* Build configuration list for PBXProject "SlowThemDown" */;
			developmentRegion = en;
			hasScannedForEncodings = 0;
			knownRegions = (
				Base,
				en,
			);
			mainGroup = 3625E5F3A75A9B763B8C8403;
			minimizedProjectReferenceProxies = 1;
			packageReferences = (
				501F78BA21A8D46E187067B8 /* XCRemoteSwiftPackageReference "firebase-ios-sdk" */,
			);
			preferredProjectObjectVersion = 77;
			productRefGroup = 3E67F7ACBBAAA4CA79EFB99F /* Products */;
			projectDirPath = "";
			projectRoot = "";
			targets = (
				DCB50EEC289C786B87CA6E9F /* SlowThemDown */,
				C2A39E836AB4E8F8E4F6EDF1 /* SlowThemDownTests */,
			);
		};
/* End PBXProject section */

/* Begin PBXResourcesBuildPhase section */
		519DD97D07C33CFAAA07304A /* Resources */ = {
			isa = PBXResourcesBuildPhase;
			buildActionMask = 2147483647;
			files = (
				8ABB751F1EBE1C3D120B297E /* Assets.xcassets in Resources */,
				2E17E8003FDC96F0AEB72B2F /* GoogleService-Info.plist in Resources */,
			);
			runOnlyForDeploymentPostprocessing = 0;
		};
/* End PBXResourcesBuildPhase section */

/* Begin PBXShellScriptBuildPhase section */
		E11211717F3111EF0180F38D /* Upload dSYMs to Crashlytics */ = {
			isa = PBXShellScriptBuildPhase;
			buildActionMask = 2147483647;
			files = (
			);
			inputFileListPaths = (
			);
			inputPaths = (
				"$(DWARF_DSYM_FOLDER_PATH)/$(DWARF_DSYM_FILE_NAME)",
				"$(DWARF_DSYM_FOLDER_PATH)/$(DWARF_DSYM_FILE_NAME)/Contents/Resources/DWARF/$(TARGET_NAME)",
				"$(DWARF_DSYM_FOLDER_PATH)/$(DWARF_DSYM_FILE_NAME)/Contents/Info.plist",
				"$(TARGET_BUILD_DIR)/$(INFOPLIST_PATH)",
			);
			name = "Upload dSYMs to Crashlytics";
			outputFileListPaths = (
			);
			outputPaths = (
			);
			runOnlyForDeploymentPostprocessing = 0;
			shellPath = /bin/sh;
			shellScript = "if [ \"${CONFIGURATION}\" != \"Release\" ]; then\n  exit 0\nfi\nCRASHLYTICS_RUN=\"${BUILD_DIR%/Build/*}/SourcePackages/artifacts/firebase-ios-sdk/FirebaseCrashlytics/run\"\nif [ ! -x \"$CRASHLYTICS_RUN\" ]; then\n  echo \"warning: Crashlytics upload script not found, skipping dSYM upload\"\n  exit 0\nfi\n\"$CRASHLYTICS_RUN\"\n";
		};
/* End PBXShellScriptBuildPhase section */

/* Begin PBXSourcesBuildPhase section */
		0169675ED888E332D5FDEF3B /* Sources */ = {
			isa = PBXSourcesBuildPhase;
			buildActionMask = 2147483647;
			files = (
				76381DFE4367C6DD04C49370 /* CalibrateView.swift in Sources */,
				EEC9E1AE25849A62B23422E2 /* Calibration.swift in Sources */,
				AAF94F9C62F917053502B4FC /* CalibrationViewModel.swift in Sources */,
				481F235545802BDB2DEB7F04 /* CaptureView.swift in Sources */,
				6993C91BBBD30C25397E2E97 /* CaptureViewModel.swift in Sources */,
				FD201CBE8475788813EE1170 /* ContentView.swift in Sources */,
				FB21F5AFF2633032B37C99E8 /* CoordinateMapper.swift in Sources */,
				08CFA017DEDF5C2222E9256B /* DemoBanner.swift in Sources */,
				0527545F311F1FCB2DD677FF /* DirectionPicker.swift in Sources */,
				9D90D07295F60731E756296B /* FrameMarkerView.swift in Sources */,
				4708EE1D9301544078EFC179 /* FrameSelectorView.swift in Sources */,
				3A3D0583304474BB745FF850 /* HapticManager.swift in Sources */,
				47679D062CCAEE688214451C /* ImageMarkerOverlay.swift in Sources */,
				CEE57FC771538ACA7AB491E2 /* LocationManager.swift in Sources */,
				9BB1E4BA5AA6B52E5BA674DF /* LogDetailView.swift in Sources */,
				380066D4220359B3E26E9135 /* LogView.swift in Sources */,
				963A93C6109518ACCC08A5C3 /* LogViewModel.swift in Sources */,
				B768B8104C52646D07CCEF63 /* MetricCard.swift in Sources */,
				F971C8DA4A433A2A1A5919DA /* OnboardingView.swift in Sources */,
				69EAD6B1B79E36CED6F3652C /* PIIBlurService.swift in Sources */,
				D64F47A1B351D661B181B412 /* ReportExporter.swift in Sources */,
				0CE36F0352225E986F522204 /* ReportView.swift in Sources */,
				D559C2833DAEA0A1A8E703A0 /* ReportViewModel.swift in Sources */,
				BECB0CB5E8CFD15497B552A0 /* RoadStandards.swift in Sources */,
				B237C60C5A10B288DE8C61D0 /* SeedData.swift in Sources */,
				AB21F28C8685E981D80482F8 /* SlowThemDownApp.swift in Sources */,
				BB3F77A8FF7D126D61FCAB3A /* SpeedBadge.swift in Sources */,
				D80825B5E85170131ECB736F /* SpeedCalculator.swift in Sources */,
				7378C09EF250D91EA696F08C /* SpeedEntry.swift in Sources */,
				B65AA162CF531F2AC12F11D2 /* SpeedResultView.swift in Sources */,
				061A6B6DDB19F6A8E282EC99 /* V85CardView.swift in Sources */,
				3EB111093E4A7C1D7C4D5D7B /* VehicleRefPicker.swift in Sources */,
				E4021A1464CAE25D17616D05 /* VehicleReferences.swift in Sources */,
				29D27B345A29324C2E785C03 /* VehicleTypePicker.swift in Sources */,
				02868A62977FC1F7E2CEE496 /* VideoFrameExtractor.swift in Sources */,
				086E72CF0D34F8524ECF1DC8 /* VideoRecorderView.swift in Sources */,
			);
			runOnlyForDeploymentPostprocessing = 0;
		};
		94FDD8B040EAD214D4BFF4AF /* Sources */ = {
			isa = PBXSourcesBuildPhase;
			buildActionMask = 2147483647;
			files = (
				3ADFBEAAE7C9D44D7F7CD24B /* CalibrationTests.swift in Sources */,
				1DC9D02E104D96DE0AB3B532 /* CalibrationViewModelTests.swift in Sources */,
				C48C84D255084000E870C5C3 /* CaptureViewModelTests.swift in Sources */,
				447E1E645094437D0BF67CC0 /* CoordinateMapperTests.swift in Sources */,
				F40FF3E57CFABA91647F4E32 /* LogViewModelTests.swift in Sources */,
				2AD2496ABDB5427565A066B6 /* PIIBlurServiceTests.swift in Sources */,
				35BA6F2EC5BC540DA4EB5211 /* ReportViewModelTests.swift in Sources */,
				396076A4A0AE55019A2330D8 /* SpeedCalculatorTests.swift in Sources */,
				480E39ACDCEE8D459D6585F7 /* SpeedEntryTests.swift in Sources */,
			);
			runOnlyForDeploymentPostprocessing = 0;
		};
/* End PBXSourcesBuildPhase section */

/* Begin PBXTargetDependency section */
		0D0C480DDADB17BB2ABA136D /* PBXTargetDependency */ = {
			isa = PBXTargetDependency;
			target = DCB50EEC289C786B87CA6E9F /* SlowThemDown */;
			targetProxy = A3C5880531263C971D4DEFCC /* PBXContainerItemProxy */;
		};
/* End PBXTargetDependency section */

/* Begin XCBuildConfiguration section */
		23FBF14BBCF2442950C79874 /* Debug */ = {
			isa = XCBuildConfiguration;
			buildSettings = {
				BUNDLE_LOADER = "$(TEST_HOST)";
				GENERATE_INFOPLIST_FILE = YES;
				LD_RUNPATH_SEARCH_PATHS = (
					"$(inherited)",
					"@executable_path/Frameworks",
					"@loader_path/Frameworks",
				);
				PRODUCT_BUNDLE_IDENTIFIER = com.slowthemdown.SlowThemDownTests;
				SDKROOT = iphoneos;
				TARGETED_DEVICE_FAMILY = "1,2";
				TEST_HOST = "$(BUILT_PRODUCTS_DIR)/SlowThemDown.app/SlowThemDown";
			};
			name = Debug;
		};
		8F07E7A148C42F2715DB55F8 /* Release */ = {
			isa = XCBuildConfiguration;
			buildSettings = {
				BUNDLE_LOADER = "$(TEST_HOST)";
				GENERATE_INFOPLIST_FILE = YES;
				LD_RUNPATH_SEARCH_PATHS = (
					"$(inherited)",
					"@executable_path/Frameworks",
					"@loader_path/Frameworks",
				);
				PRODUCT_BUNDLE_IDENTIFIER = com.slowthemdown.SlowThemDownTests;
				SDKROOT = iphoneos;
				TARGETED_DEVICE_FAMILY = "1,2";
				TEST_HOST = "$(BUILT_PRODUCTS_DIR)/SlowThemDown.app/SlowThemDown";
			};
			name = Release;
		};
		C763C5A769241EF8F0F75E4E /* Debug */ = {
			isa = XCBuildConfiguration;
			buildSettings = {
				ASSETCATALOG_COMPILER_APPICON_NAME = AppIcon;
				CODE_SIGN_IDENTITY = "iPhone Developer";
				CODE_SIGN_STYLE = Automatic;
				CURRENT_PROJECT_VERSION = 1;
				DEBUG_INFORMATION_FORMAT = "dwarf-with-dsym";
				GENERATE_INFOPLIST_FILE = YES;
				INFOPLIST_KEY_CFBundleDisplayName = "Slow Them Down";
				INFOPLIST_KEY_ITSAppUsesNonExemptEncryption = NO;
				INFOPLIST_KEY_NSCameraUsageDescription = "Slow Them Down needs camera access to record vehicles for speed estimation.";
				INFOPLIST_KEY_NSLocationWhenInUseUsageDescription = "Slow Them Down uses your location to tag speed measurements with street addresses.";
				INFOPLIST_KEY_NSMicrophoneUsageDescription = "Slow Them Down needs microphone access because video recording includes audio capture.";
				INFOPLIST_KEY_NSPhotoLibraryUsageDescription = "Slow Them Down needs photo library access to import video clips.";
				INFOPLIST_KEY_UILaunchScreen_Generation = YES;
				INFOPLIST_KEY_UISupportedInterfaceOrientations = UIInterfaceOrientationPortrait;
				LD_RUNPATH_SEARCH_PATHS = (
					"$(inherited)",
					"@executable_path/Frameworks",
				);
				MARKETING_VERSION = 1.0.0;
				PRODUCT_BUNDLE_IDENTIFIER = com.slowthemdown.app;
				SDKROOT = iphoneos;
				TARGETED_DEVICE_FAMILY = 1;
			};
			name = Debug;
		};
		D99BC2383F207DDB8A9AC955 /* Debug */ = {
			isa = XCBuildConfiguration;
			buildSettings = {
				ALWAYS_SEARCH_USER_PATHS = NO;
				CLANG_ANALYZER_NONNULL = YES;
				CLANG_ANALYZER_NUMBER_OBJECT_CONVERSION = YES_AGGRESSIVE;
				CLANG_CXX_LANGUAGE_STANDARD = "gnu++14";
				CLANG_CXX_LIBRARY = "libc++";
				CLANG_ENABLE_MODULES = YES;
				CLANG_ENABLE_OBJC_ARC = YES;
				CLANG_ENABLE_OBJC_WEAK = YES;
				CLANG_WARN_BLOCK_CAPTURE_AUTORELEASING = YES;
				CLANG_WARN_BOOL_CONVERSION = YES;
				CLANG_WARN_COMMA = YES;
				CLANG_WARN_CONSTANT_CONVERSION = YES;
				CLANG_WARN_DEPRECATED_OBJC_IMPLEMENTATIONS = YES;
				CLANG_WARN_DIRECT_OBJC_ISA_USAGE = YES_ERROR;
				CLANG_WARN_DOCUMENTATION_COMMENTS = YES;
				CLANG_WARN_EMPTY_BODY = YES;
				CLANG_WARN_ENUM_CONVERSION = YES;
				CLANG_WARN_INFINITE_RECURSION = YES;
				CLANG_WARN_INT_CONVERSION = YES;
				CLANG_WARN_NON_LITERAL_NULL_CONVERSION = YES;
				CLANG_WARN_OBJC_IMPLICIT_RETAIN_SELF = YES;
				CLANG_WARN_OBJC_LITERAL_CONVERSION = YES;
				CLANG_WARN_OBJC_ROOT_CLASS = YES_ERROR;
				CLANG_WARN_QUOTED_INCLUDE_IN_FRAMEWORK_HEADER = YES;
				CLANG_WARN_RANGE_LOOP_ANALYSIS = YES;
				CLANG_WARN_STRICT_PROTOTYPES = YES;
				CLANG_WARN_SUSPICIOUS_MOVE = YES;
				CLANG_WARN_UNGUARDED_AVAILABILITY = YES_AGGRESSIVE;
				CLANG_WARN_UNREACHABLE_CODE = YES;
				CLANG_WARN__DUPLICATE_METHOD_MATCH = YES;
				COPY_PHASE_STRIP = NO;
				DEBUG_INFORMATION_FORMAT = dwarf;
				DEVELOPMENT_TEAM = "";
				ENABLE_STRICT_OBJC_MSGSEND = YES;
				ENABLE_TESTABILITY = YES;
				GCC_C_LANGUAGE_STANDARD = gnu11;
				GCC_DYNAMIC_NO_PIC = NO;
				GCC_NO_COMMON_BLOCKS = YES;
				GCC_OPTIMIZATION_LEVEL = 0;
				GCC_PREPROCESSOR_DEFINITIONS = (
					"$(inherited)",
					"DEBUG=1",
				);
				GCC_WARN_64_TO_32_BIT_CONVERSION = YES;
				GCC_WARN_ABOUT_RETURN_TYPE = YES_ERROR;
				GCC_WARN_UNDECLARED_SELECTOR = YES;
				GCC_WARN_UNINITIALIZED_AUTOS = YES_AGGRESSIVE;
				GCC_WARN_UNUSED_FUNCTION = YES;
				GCC_WARN_UNUSED_VARIABLE = YES;
				IPHONEOS_DEPLOYMENT_TARGET = 17.0;
				MTL_ENABLE_DEBUG_INFO = INCLUDE_SOURCE;
				MTL_FAST_MATH = YES;
				ONLY_ACTIVE_ARCH = YES;
				PRODUCT_NAME = "$(TARGET_NAME)";
				SDKROOT = iphoneos;
				SWIFT_ACTIVE_COMPILATION_CONDITIONS = DEBUG;
				SWIFT_OPTIMIZATION_LEVEL = "-Onone";
				SWIFT_VERSION = 5.9;
			};
			name = Debug;
		};
		DB7FDBF98CA9C33F08EA3D4A /* Release */ = {
			isa = XCBuildConfiguration;
			buildSettings = {
				ALWAYS_SEARCH_USER_PATHS = NO;
				CLANG_ANALYZER_NONNULL = YES;
				CLANG_ANALYZER_NUMBER_OBJECT_CONVERSION = YES_AGGRESSIVE;
				CLANG_CXX_LANGUAGE_STANDARD = "gnu++14";
				CLANG_CXX_LIBRARY = "libc++";
				CLANG_ENABLE_MODULES = YES;
				CLANG_ENABLE_OBJC_ARC = YES;
				CLANG_ENABLE_OBJC_WEAK = YES;
				CLANG_WARN_BLOCK_CAPTURE_AUTORELEASING = YES;
				CLANG_WARN_BOOL_CONVERSION = YES;
				CLANG_WARN_COMMA = YES;
				CLANG_WARN_CONSTANT_CONVERSION = YES;
				CLANG_WARN_DEPRECATED_OBJC_IMPLEMENTATIONS = YES;
				CLANG_WARN_DIRECT_OBJC_ISA_USAGE = YES_ERROR;
				CLANG_WARN_DOCUMENTATION_COMMENTS = YES;
				CLANG_WARN_EMPTY_BODY = YES;
				CLANG_WARN_ENUM_CONVERSION = YES;
				CLANG_WARN_INFINITE_RECURSION = YES;
				CLANG_WARN_INT_CONVERSION = YES;
				CLANG_WARN_NON_LITERAL_NULL_CONVERSION = YES;
				CLANG_WARN_OBJC_IMPLICIT_RETAIN_SELF = YES;
				CLANG_WARN_OBJC_LITERAL_CONVERSION = YES;
				CLANG_WARN_OBJC_ROOT_CLASS = YES_ERROR;
				CLANG_WARN_QUOTED_INCLUDE_IN_FRAMEWORK_HEADER = YES;
				CLANG_WARN_RANGE_LOOP_ANALYSIS = YES;
				CLANG_WARN_STRICT_PROTOTYPES = YES;
				CLANG_WARN_SUSPICIOUS_MOVE = YES;
				CLANG_WARN_UNGUARDED_AVAILABILITY = YES_AGGRESSIVE;
				CLANG_WARN_UNREACHABLE_CODE = YES;
				CLANG_WARN__DUPLICATE_METHOD_MATCH = YES;
				COPY_PHASE_STRIP = NO;
				DEBUG_INFORMATION_FORMAT = "dwarf-with-dsym";
				DEVELOPMENT_TEAM = "";
				ENABLE_NS_ASSERTIONS = NO;
				ENABLE_STRICT_OBJC_MSGSEND = YES;
				GCC_C_LANGUAGE_STANDARD = gnu11;
				GCC_NO_COMMON_BLOCKS = YES;
				GCC_WARN_64_TO_32_BIT_CONVERSION = YES;
				GCC_WARN_ABOUT_RETURN_TYPE = YES_ERROR;
				GCC_WARN_UNDECLARED_SELECTOR = YES;
				GCC_WARN_UNINITIALIZED_AUTOS = YES_AGGRESSIVE;
				GCC_WARN_UNUSED_FUNCTION = YES;
				GCC_WARN_UNUSED_VARIABLE = YES;
				IPHONEOS_DEPLOYMENT_TARGET = 17.0;
				MTL_ENABLE_DEBUG_INFO = NO;
				MTL_FAST_MATH = YES;
				PRODUCT_NAME = "$(TARGET_NAME)";
				SDKROOT = iphoneos;
				SWIFT_COMPILATION_MODE = wholemodule;
				SWIFT_OPTIMIZATION_LEVEL = "-O";
				SWIFT_VERSION = 5.9;
			};
			name = Release;
		};
		FA3E4E050099C7F69437D36B /* Release */ = {
			isa = XCBuildConfiguration;
			buildSettings = {
				ASSETCATALOG_COMPILER_APPICON_NAME = AppIcon;
				CODE_SIGN_IDENTITY = "$(CODE_SIGN_IDENTITY_OVERRIDE)";
				CODE_SIGN_STYLE = Manual;
				CURRENT_PROJECT_VERSION = 1;
				DEBUG_INFORMATION_FORMAT = "dwarf-with-dsym";
				DEVELOPMENT_TEAM = "$(DEVELOPMENT_TEAM_OVERRIDE)";
				GENERATE_INFOPLIST_FILE = YES;
				INFOPLIST_KEY_CFBundleDisplayName = "Slow Them Down";
				INFOPLIST_KEY_ITSAppUsesNonExemptEncryption = NO;
				INFOPLIST_KEY_NSCameraUsageDescription = "Slow Them Down needs camera access to record vehicles for speed estimation.";
				INFOPLIST_KEY_NSLocationWhenInUseUsageDescription = "Slow Them Down uses your location to tag speed measurements with street addresses.";
				INFOPLIST_KEY_NSMicrophoneUsageDescription = "Slow Them Down needs microphone access because video recording includes audio capture.";
				INFOPLIST_KEY_NSPhotoLibraryUsageDescription = "Slow Them Down needs photo library access to import video clips.";
				INFOPLIST_KEY_UILaunchScreen_Generation = YES;
				INFOPLIST_KEY_UISupportedInterfaceOrientations = UIInterfaceOrientationPortrait;
				LD_RUNPATH_SEARCH_PATHS = (
					"$(inherited)",
					"@executable_path/Frameworks",
				);
				MARKETING_VERSION = 1.0.0;
				PRODUCT_BUNDLE_IDENTIFIER = com.slowthemdown.app;
				PROVISIONING_PROFILE_SPECIFIER = "$(PROVISIONING_PROFILE_SPECIFIER_OVERRIDE)";
				SDKROOT = iphoneos;
				TARGETED_DEVICE_FAMILY = 1;
			};
			name = Release;
		};
/* End XCBuildConfiguration section */

/* Begin XCConfigurationList section */
		2B3EFE655AD87CF6DC87FF35 /* Build configuration list for PBXNativeTarget "SlowThemDownTests" */ = {
			isa = XCConfigurationList;
			buildConfigurations = (
				23FBF14BBCF2442950C79874 /* Debug */,
				8F07E7A148C42F2715DB55F8 /* Release */,
			);
			defaultConfigurationIsVisible = 0;
			defaultConfigurationName = Debug;
		};
		B99B5E7FC1F4683EFE9FE972 /* Build configuration list for PBXNativeTarget "SlowThemDown" */ = {
			isa = XCConfigurationList;
			buildConfigurations = (
				C763C5A769241EF8F0F75E4E /* Debug */,
				FA3E4E050099C7F69437D36B /* Release */,
			);
			defaultConfigurationIsVisible = 0;
			defaultConfigurationName = Debug;
		};
		FE2F99369445CFBDF22F587E /* Build configuration list for PBXProject "SlowThemDown" */ = {
			isa = XCConfigurationList;
			buildConfigurations = (
				D99BC2383F207DDB8A9AC955 /* Debug */,
				DB7FDBF98CA9C33F08EA3D4A /* Release */,
			);
			defaultConfigurationIsVisible = 0;
			defaultConfigurationName = Debug;
		};
/* End XCConfigurationList section */

/* Begin XCRemoteSwiftPackageReference section */
		501F78BA21A8D46E187067B8 /* XCRemoteSwiftPackageReference "firebase-ios-sdk" */ = {
			isa = XCRemoteSwiftPackageReference;
			repositoryURL = "https://github.com/firebase/firebase-ios-sdk";
			requirement = {
				kind = upToNextMajorVersion;
				minimumVersion = 12.10.0;
			};
		};
/* End XCRemoteSwiftPackageReference section */

/* Begin XCSwiftPackageProductDependency section */
		A67C08CFE7688D9903E5F52D /* FirebaseCrashlytics */ = {
			isa = XCSwiftPackageProductDependency;
			package = 501F78BA21A8D46E187067B8 /* XCRemoteSwiftPackageReference "firebase-ios-sdk" */;
			productName = FirebaseCrashlytics;
		};
/* End XCSwiftPackageProductDependency section */
	};
	rootObject = 0FA8946B309B13CB255BB096 /* Project object */;
}
