// !$*UTF8*$!
{
	archiveVersion = 1;
	classes = {
	};
	objectVersion = 63;
	objects = {

/* Begin PBXBuildFile section */
		01E0A4CA2036226C253F9BB1 /* FrameMarkerView.swift in Sources */ = {isa = PBXBuildFile; fileRef = 8601AEE9D430BF8E2973D8F0 /* FrameMarkerView.swift */; };
		1E2037461F4725FE112A6789 /* ImageMarkerOverlay.swift in Sources */ = {isa = PBXBuildFile; fileRef = 558724531F5755C19F43490A /* ImageMarkerOverlay.swift */; };
		270071BFE4F0935628F51ECD /* DirectionPicker.swift in Sources */ = {isa = PBXBuildFile; fileRef = 6CBACAE8A6D7A4CE54F0F96E /* DirectionPicker.swift */; };
		333D3FC00370C57191A68207 /* CoordinateMapper.swift in Sources */ = {isa = PBXBuildFile; fileRef = 18AA53E19B27FD9299F10326 /* CoordinateMapper.swift */; };
		36228288005F49C791C71236 /* VehicleRefPicker.swift in Sources */ = {isa = PBXBuildFile; fileRef = 7C5F74F34D11147441E73AC8 /* VehicleRefPicker.swift */; };
		393B1301AF778C861DD3C3BF /* V85CardView.swift in Sources */ = {isa = PBXBuildFile; fileRef = ECBCA986661B529E10232565 /* V85CardView.swift */; };
		499D85C05EDF14155F18497E /* ContentView.swift in Sources */ = {isa = PBXBuildFile; fileRef = 7C66A4EBC6C28B417C80AB14 /* ContentView.swift */; };
		55126D7116238936F2E3499A /* MetricCard.swift in Sources */ = {isa = PBXBuildFile; fileRef = DC4543103CF7D7B6883048A7 /* MetricCard.swift */; };
		5BE06A54090A6783BAE57517 /* SpeedEntry.swift in Sources */ = {isa = PBXBuildFile; fileRef = CFA68F1D8CAFD5CDC7A3CBFD /* SpeedEntry.swift */; };
		5F83FC68B519B12F37168B00 /* CalibrationViewModel.swift in Sources */ = {isa = PBXBuildFile; fileRef = 1307E18899C867D49AB017C1 /* CalibrationViewModel.swift */; };
		6088D4AD17C5682306077A13 /* VideoFrameExtractor.swift in Sources */ = {isa = PBXBuildFile; fileRef = 543449116E7DD19A7B307DE9 /* VideoFrameExtractor.swift */; };
		6A8F5973C5019DC6A70C9736 /* VehicleReferences.swift in Sources */ = {isa = PBXBuildFile; fileRef = 295FD72372C0730C3365B61D /* VehicleReferences.swift */; };
		6E3EFD7529A2A551C85E98AA /* Assets.xcassets in Resources */ = {isa = PBXBuildFile; fileRef = 35564FDF49B022DA80FD2145 /* Assets.xcassets */; };
		720160646B2B7CE17E9095B2 /* VehicleTypePicker.swift in Sources */ = {isa = PBXBuildFile; fileRef = 6A117943BFDDAC2A15BB2CEB /* VehicleTypePicker.swift */; };
		7C1FBC89321E16CE10215FC8 /* SpeedBadge.swift in Sources */ = {isa = PBXBuildFile; fileRef = EAF4F1B6168079EC2D4BB3F5 /* SpeedBadge.swift */; };
		80B13B487F34D3B6CBF1FC96 /* SlowDownApp.swift in Sources */ = {isa = PBXBuildFile; fileRef = 86127FCE395659EF73844322 /* SlowDownApp.swift */; };
		8476D7734E6AAEBAF8B10CA6 /* CaptureView.swift in Sources */ = {isa = PBXBuildFile; fileRef = 555DD363FBA01F336472572A /* CaptureView.swift */; };
		8CB96CF489D2A17E05CBF8AC /* SpeedCalculator.swift in Sources */ = {isa = PBXBuildFile; fileRef = A9FD841C32E4D92A86DF68AE /* SpeedCalculator.swift */; };
		9104D4A2392996CF51EF2D44 /* LogView.swift in Sources */ = {isa = PBXBuildFile; fileRef = 9E49D1B0310043DADB7A7D34 /* LogView.swift */; };
		A42509DAED6C9A9778F83B8F /* VideoRecorderView.swift in Sources */ = {isa = PBXBuildFile; fileRef = 9218B34EEBE8B003B3A36A68 /* VideoRecorderView.swift */; };
		AEE5E9F1014FB5DF86235F65 /* Calibration.swift in Sources */ = {isa = PBXBuildFile; fileRef = 5CD521EEE6C98F22AEC3B9D1 /* Calibration.swift */; };
		B3F40B691A4965F2819B1608 /* LocationManager.swift in Sources */ = {isa = PBXBuildFile; fileRef = 0EF2816028D94D4DF9AEDAC1 /* LocationManager.swift */; };
		C01229A4FE6B452AA7CEB6CF /* ReportViewModel.swift in Sources */ = {isa = PBXBuildFile; fileRef = 924E91C80A2A174E5A4B39AB /* ReportViewModel.swift */; };
		C37F26DB693FF94A56BD05DE /* SpeedResultView.swift in Sources */ = {isa = PBXBuildFile; fileRef = 465020CB5CE13FF1A322FCA0 /* SpeedResultView.swift */; };
		D263CF5BEF68F353E468EE4F /* ReportExporter.swift in Sources */ = {isa = PBXBuildFile; fileRef = E87315B81FF5A926BCB49D4D /* ReportExporter.swift */; };
		DB52857F20445E4FBBD6953A /* LogViewModel.swift in Sources */ = {isa = PBXBuildFile; fileRef = 5DBD36C9E4C3AAF9870F8508 /* LogViewModel.swift */; };
		E890140F3AD6484B2E338961 /* SeedData.swift in Sources */ = {isa = PBXBuildFile; fileRef = 101CEBA16551766D05EFEE08 /* SeedData.swift */; };
		E9BF2C29F282081DE76D76B0 /* CaptureViewModel.swift in Sources */ = {isa = PBXBuildFile; fileRef = 94E76BA9D626B95E3572050D /* CaptureViewModel.swift */; };
		EB55E4C8D38D18A024E57937 /* SpeedCalculatorTests.swift in Sources */ = {isa = PBXBuildFile; fileRef = 84B26A23E2FE3FE44EBCE208 /* SpeedCalculatorTests.swift */; };
		F2494DD15E99DA31EBC6C853 /* CalibrateView.swift in Sources */ = {isa = PBXBuildFile; fileRef = AAF5799785F562F3FE9AEC51 /* CalibrateView.swift */; };
		F3E2A2A34D91CDB86D4F6312 /* ReportView.swift in Sources */ = {isa = PBXBuildFile; fileRef = 1440A1489C41CBEC96B974E6 /* ReportView.swift */; };
		FA02A8015FC3CF96B9C0D74A /* CoordinateMapperTests.swift in Sources */ = {isa = PBXBuildFile; fileRef = 364DD725FEFA07339A4BF941 /* CoordinateMapperTests.swift */; };
		FA9380EAFAF43A59CD314EFC /* RoadStandards.swift in Sources */ = {isa = PBXBuildFile; fileRef = 1BA63C07BC38358E8F356FFA /* RoadStandards.swift */; };
		FBFFDF5152E61D853A7BADE6 /* FrameSelectorView.swift in Sources */ = {isa = PBXBuildFile; fileRef = 9D5E250D85F6478DFC488334 /* FrameSelectorView.swift */; };
		FC8D0CD509CA5B797D652D66 /* HapticManager.swift in Sources */ = {isa = PBXBuildFile; fileRef = B95B832AE7C1966CA021EEE7 /* HapticManager.swift */; };
/* End PBXBuildFile section */

/* Begin PBXContainerItemProxy section */
		B55FDCAED47494EBD7BA09E2 /* PBXContainerItemProxy */ = {
			isa = PBXContainerItemProxy;
			containerPortal = 0A844DFCC7D90E81C054A51F /* Project object */;
			proxyType = 1;
			remoteGlobalIDString = 06EC93AD269E9AE36A5AC746;
			remoteInfo = SlowDown;
		};
/* End PBXContainerItemProxy section */

/* Begin PBXFileReference section */
		0EF2816028D94D4DF9AEDAC1 /* LocationManager.swift */ = {isa = PBXFileReference; lastKnownFileType = sourcecode.swift; path = LocationManager.swift; sourceTree = "<group>"; };
		101CEBA16551766D05EFEE08 /* SeedData.swift */ = {isa = PBXFileReference; lastKnownFileType = sourcecode.swift; path = SeedData.swift; sourceTree = "<group>"; };
		1307E18899C867D49AB017C1 /* CalibrationViewModel.swift */ = {isa = PBXFileReference; lastKnownFileType = sourcecode.swift; path = CalibrationViewModel.swift; sourceTree = "<group>"; };
		1440A1489C41CBEC96B974E6 /* ReportView.swift */ = {isa = PBXFileReference; lastKnownFileType = sourcecode.swift; path = ReportView.swift; sourceTree = "<group>"; };
		1676CA770ED3A6EE7554B8A7 /* SlowDownTests.xctest */ = {isa = PBXFileReference; includeInIndex = 0; lastKnownFileType = wrapper.cfbundle; path = SlowDownTests.xctest; sourceTree = BUILT_PRODUCTS_DIR; };
		18AA53E19B27FD9299F10326 /* CoordinateMapper.swift */ = {isa = PBXFileReference; lastKnownFileType = sourcecode.swift; path = CoordinateMapper.swift; sourceTree = "<group>"; };
		1BA63C07BC38358E8F356FFA /* RoadStandards.swift */ = {isa = PBXFileReference; lastKnownFileType = sourcecode.swift; path = RoadStandards.swift; sourceTree = "<group>"; };
		295FD72372C0730C3365B61D /* VehicleReferences.swift */ = {isa = PBXFileReference; lastKnownFileType = sourcecode.swift; path = VehicleReferences.swift; sourceTree = "<group>"; };
		35564FDF49B022DA80FD2145 /* Assets.xcassets */ = {isa = PBXFileReference; lastKnownFileType = folder.assetcatalog; path = Assets.xcassets; sourceTree = "<group>"; };
		364DD725FEFA07339A4BF941 /* CoordinateMapperTests.swift */ = {isa = PBXFileReference; lastKnownFileType = sourcecode.swift; path = CoordinateMapperTests.swift; sourceTree = "<group>"; };
		465020CB5CE13FF1A322FCA0 /* SpeedResultView.swift */ = {isa = PBXFileReference; lastKnownFileType = sourcecode.swift; path = SpeedResultView.swift; sourceTree = "<group>"; };
		4D3F960D1F9CD7B79DF4B5D0 /* SlowDown.app */ = {isa = PBXFileReference; explicitFileType = wrapper.application; includeInIndex = 0; path = SlowDown.app; sourceTree = BUILT_PRODUCTS_DIR; };
		543449116E7DD19A7B307DE9 /* VideoFrameExtractor.swift */ = {isa = PBXFileReference; lastKnownFileType = sourcecode.swift; path = VideoFrameExtractor.swift; sourceTree = "<group>"; };
		555DD363FBA01F336472572A /* CaptureView.swift */ = {isa = PBXFileReference; lastKnownFileType = sourcecode.swift; path = CaptureView.swift; sourceTree = "<group>"; };
		558724531F5755C19F43490A /* ImageMarkerOverlay.swift */ = {isa = PBXFileReference; lastKnownFileType = sourcecode.swift; path = ImageMarkerOverlay.swift; sourceTree = "<group>"; };
		5CD521EEE6C98F22AEC3B9D1 /* Calibration.swift */ = {isa = PBXFileReference; lastKnownFileType = sourcecode.swift; path = Calibration.swift; sourceTree = "<group>"; };
		5DBD36C9E4C3AAF9870F8508 /* LogViewModel.swift */ = {isa = PBXFileReference; lastKnownFileType = sourcecode.swift; path = LogViewModel.swift; sourceTree = "<group>"; };
		6A117943BFDDAC2A15BB2CEB /* VehicleTypePicker.swift */ = {isa = PBXFileReference; lastKnownFileType = sourcecode.swift; path = VehicleTypePicker.swift; sourceTree = "<group>"; };
		6CBACAE8A6D7A4CE54F0F96E /* DirectionPicker.swift */ = {isa = PBXFileReference; lastKnownFileType = sourcecode.swift; path = DirectionPicker.swift; sourceTree = "<group>"; };
		7C5F74F34D11147441E73AC8 /* VehicleRefPicker.swift */ = {isa = PBXFileReference; lastKnownFileType = sourcecode.swift; path = VehicleRefPicker.swift; sourceTree = "<group>"; };
		7C66A4EBC6C28B417C80AB14 /* ContentView.swift */ = {isa = PBXFileReference; lastKnownFileType = sourcecode.swift; path = ContentView.swift; sourceTree = "<group>"; };
		84B26A23E2FE3FE44EBCE208 /* SpeedCalculatorTests.swift */ = {isa = PBXFileReference; lastKnownFileType = sourcecode.swift; path = SpeedCalculatorTests.swift; sourceTree = "<group>"; };
		8601AEE9D430BF8E2973D8F0 /* FrameMarkerView.swift */ = {isa = PBXFileReference; lastKnownFileType = sourcecode.swift; path = FrameMarkerView.swift; sourceTree = "<group>"; };
		86127FCE395659EF73844322 /* SlowDownApp.swift */ = {isa = PBXFileReference; lastKnownFileType = sourcecode.swift; path = SlowDownApp.swift; sourceTree = "<group>"; };
		9218B34EEBE8B003B3A36A68 /* VideoRecorderView.swift */ = {isa = PBXFileReference; lastKnownFileType = sourcecode.swift; path = VideoRecorderView.swift; sourceTree = "<group>"; };
		924E91C80A2A174E5A4B39AB /* ReportViewModel.swift */ = {isa = PBXFileReference; lastKnownFileType = sourcecode.swift; path = ReportViewModel.swift; sourceTree = "<group>"; };
		94E76BA9D626B95E3572050D /* CaptureViewModel.swift */ = {isa = PBXFileReference; lastKnownFileType = sourcecode.swift; path = CaptureViewModel.swift; sourceTree = "<group>"; };
		9D5E250D85F6478DFC488334 /* FrameSelectorView.swift */ = {isa = PBXFileReference; lastKnownFileType = sourcecode.swift; path = FrameSelectorView.swift; sourceTree = "<group>"; };
		9E49D1B0310043DADB7A7D34 /* LogView.swift */ = {isa = PBXFileReference; lastKnownFileType = sourcecode.swift; path = LogView.swift; sourceTree = "<group>"; };
		A9FD841C32E4D92A86DF68AE /* SpeedCalculator.swift */ = {isa = PBXFileReference; lastKnownFileType = sourcecode.swift; path = SpeedCalculator.swift; sourceTree = "<group>"; };
		AAF5799785F562F3FE9AEC51 /* CalibrateView.swift */ = {isa = PBXFileReference; lastKnownFileType = sourcecode.swift; path = CalibrateView.swift; sourceTree = "<group>"; };
		B95B832AE7C1966CA021EEE7 /* HapticManager.swift */ = {isa = PBXFileReference; lastKnownFileType = sourcecode.swift; path = HapticManager.swift; sourceTree = "<group>"; };
		CFA68F1D8CAFD5CDC7A3CBFD /* SpeedEntry.swift */ = {isa = PBXFileReference; lastKnownFileType = sourcecode.swift; path = SpeedEntry.swift; sourceTree = "<group>"; };
		DC4543103CF7D7B6883048A7 /* MetricCard.swift */ = {isa = PBXFileReference; lastKnownFileType = sourcecode.swift; path = MetricCard.swift; sourceTree = "<group>"; };
		E87315B81FF5A926BCB49D4D /* ReportExporter.swift */ = {isa = PBXFileReference; lastKnownFileType = sourcecode.swift; path = ReportExporter.swift; sourceTree = "<group>"; };
		EAF4F1B6168079EC2D4BB3F5 /* SpeedBadge.swift */ = {isa = PBXFileReference; lastKnownFileType = sourcecode.swift; path = SpeedBadge.swift; sourceTree = "<group>"; };
		ECBCA986661B529E10232565 /* V85CardView.swift */ = {isa = PBXFileReference; lastKnownFileType = sourcecode.swift; path = V85CardView.swift; sourceTree = "<group>"; };
/* End PBXFileReference section */

/* Begin PBXGroup section */
		04C08DE43475E0C7C4918F25 /* ViewModels */ = {
			isa = PBXGroup;
			children = (
				1307E18899C867D49AB017C1 /* CalibrationViewModel.swift */,
				94E76BA9D626B95E3572050D /* CaptureViewModel.swift */,
				5DBD36C9E4C3AAF9870F8508 /* LogViewModel.swift */,
				924E91C80A2A174E5A4B39AB /* ReportViewModel.swift */,
			);
			path = ViewModels;
			sourceTree = "<group>";
		};
		176A54E8BEB8167156F3FAB9 /* Components */ = {
			isa = PBXGroup;
			children = (
				6CBACAE8A6D7A4CE54F0F96E /* DirectionPicker.swift */,
				DC4543103CF7D7B6883048A7 /* MetricCard.swift */,
				EAF4F1B6168079EC2D4BB3F5 /* SpeedBadge.swift */,
				7C5F74F34D11147441E73AC8 /* VehicleRefPicker.swift */,
				6A117943BFDDAC2A15BB2CEB /* VehicleTypePicker.swift */,
			);
			path = Components;
			sourceTree = "<group>";
		};
		29341B72472A6EA131DB06A6 /* Capture */ = {
			isa = PBXGroup;
			children = (
				555DD363FBA01F336472572A /* CaptureView.swift */,
				8601AEE9D430BF8E2973D8F0 /* FrameMarkerView.swift */,
				9D5E250D85F6478DFC488334 /* FrameSelectorView.swift */,
				465020CB5CE13FF1A322FCA0 /* SpeedResultView.swift */,
				9218B34EEBE8B003B3A36A68 /* VideoRecorderView.swift */,
			);
			path = Capture;
			sourceTree = "<group>";
		};
		31FCC27B7DB3107B112DF634 /* Models */ = {
			isa = PBXGroup;
			children = (
				5CD521EEE6C98F22AEC3B9D1 /* Calibration.swift */,
				1BA63C07BC38358E8F356FFA /* RoadStandards.swift */,
				A9FD841C32E4D92A86DF68AE /* SpeedCalculator.swift */,
				CFA68F1D8CAFD5CDC7A3CBFD /* SpeedEntry.swift */,
				295FD72372C0730C3365B61D /* VehicleReferences.swift */,
			);
			path = Models;
			sourceTree = "<group>";
		};
		320E3E6056BC5903921D2BD1 /* Calibrate */ = {
			isa = PBXGroup;
			children = (
				AAF5799785F562F3FE9AEC51 /* CalibrateView.swift */,
			);
			path = Calibrate;
			sourceTree = "<group>";
		};
		6CA3935CB6F43AE5CF2CAA1C /* SlowDown */ = {
			isa = PBXGroup;
			children = (
				35564FDF49B022DA80FD2145 /* Assets.xcassets */,
				86127FCE395659EF73844322 /* SlowDownApp.swift */,
				819134259E726E95F0EE3C22 /* Debug */,
				31FCC27B7DB3107B112DF634 /* Models */,
				B4C53AB420302940FAFA32A0 /* Services */,
				04C08DE43475E0C7C4918F25 /* ViewModels */,
				E494F2B80AA542F4A92C64D5 /* Views */,
			);
			path = SlowDown;
			sourceTree = "<group>";
		};
		72E8893325DF86EFD871E51A = {
			isa = PBXGroup;
			children = (
				6CA3935CB6F43AE5CF2CAA1C /* SlowDown */,
				89BF29360D651E24450EA653 /* SlowDownTests */,
				F2A4A3B1E25003C98A16884E /* Products */,
			);
			sourceTree = "<group>";
		};
		819134259E726E95F0EE3C22 /* Debug */ = {
			isa = PBXGroup;
			children = (
				101CEBA16551766D05EFEE08 /* SeedData.swift */,
			);
			path = Debug;
			sourceTree = "<group>";
		};
		89BF29360D651E24450EA653 /* SlowDownTests */ = {
			isa = PBXGroup;
			children = (
				364DD725FEFA07339A4BF941 /* CoordinateMapperTests.swift */,
				84B26A23E2FE3FE44EBCE208 /* SpeedCalculatorTests.swift */,
			);
			path = SlowDownTests;
			sourceTree = "<group>";
		};
		9EE38DA1B8C2F671002C4D52 /* Shared */ = {
			isa = PBXGroup;
			children = (
				558724531F5755C19F43490A /* ImageMarkerOverlay.swift */,
			);
			path = Shared;
			sourceTree = "<group>";
		};
		A10B6C7DDA1E2FE23F55A61E /* Reports */ = {
			isa = PBXGroup;
			children = (
				E87315B81FF5A926BCB49D4D /* ReportExporter.swift */,
				1440A1489C41CBEC96B974E6 /* ReportView.swift */,
				ECBCA986661B529E10232565 /* V85CardView.swift */,
			);
			path = Reports;
			sourceTree = "<group>";
		};
		B4C53AB420302940FAFA32A0 /* Services */ = {
			isa = PBXGroup;
			children = (
				18AA53E19B27FD9299F10326 /* CoordinateMapper.swift */,
				B95B832AE7C1966CA021EEE7 /* HapticManager.swift */,
				0EF2816028D94D4DF9AEDAC1 /* LocationManager.swift */,
				543449116E7DD19A7B307DE9 /* VideoFrameExtractor.swift */,
			);
			path = Services;
			sourceTree = "<group>";
		};
		CF5F8E0A66F6AF1AF9AE7359 /* Log */ = {
			isa = PBXGroup;
			children = (
				9E49D1B0310043DADB7A7D34 /* LogView.swift */,
			);
			path = Log;
			sourceTree = "<group>";
		};
		E494F2B80AA542F4A92C64D5 /* Views */ = {
			isa = PBXGroup;
			children = (
				7C66A4EBC6C28B417C80AB14 /* ContentView.swift */,
				320E3E6056BC5903921D2BD1 /* Calibrate */,
				29341B72472A6EA131DB06A6 /* Capture */,
				176A54E8BEB8167156F3FAB9 /* Components */,
				CF5F8E0A66F6AF1AF9AE7359 /* Log */,
				A10B6C7DDA1E2FE23F55A61E /* Reports */,
				9EE38DA1B8C2F671002C4D52 /* Shared */,
			);
			path = Views;
			sourceTree = "<group>";
		};
		F2A4A3B1E25003C98A16884E /* Products */ = {
			isa = PBXGroup;
			children = (
				4D3F960D1F9CD7B79DF4B5D0 /* SlowDown.app */,
				1676CA770ED3A6EE7554B8A7 /* SlowDownTests.xctest */,
			);
			name = Products;
			sourceTree = "<group>";
		};
/* End PBXGroup section */

/* Begin PBXNativeTarget section */
		06EC93AD269E9AE36A5AC746 /* SlowDown */ = {
			isa = PBXNativeTarget;
			buildConfigurationList = A867473AEA3C4140E8C6D60D /* Build configuration list for PBXNativeTarget "SlowDown" */;
			buildPhases = (
				71B84F8D67515930EE7DE839 /* Sources */,
				D9013389AB1FC58DA0D5FCEC /* Resources */,
			);
			buildRules = (
			);
			dependencies = (
			);
			name = SlowDown;
			packageProductDependencies = (
			);
			productName = SlowDown;
			productReference = 4D3F960D1F9CD7B79DF4B5D0 /* SlowDown.app */;
			productType = "com.apple.product-type.application";
		};
		8510B79B6373AAF2006E8AE0 /* SlowDownTests */ = {
			isa = PBXNativeTarget;
			buildConfigurationList = 41EB1B15DFCD408287F04E7F /* Build configuration list for PBXNativeTarget "SlowDownTests" */;
			buildPhases = (
				930038B2081FB6A5F25E85B2 /* Sources */,
			);
			buildRules = (
			);
			dependencies = (
				84CB3EC7C836D4C19F57B80D /* PBXTargetDependency */,
			);
			name = SlowDownTests;
			packageProductDependencies = (
			);
			productName = SlowDownTests;
			productReference = 1676CA770ED3A6EE7554B8A7 /* SlowDownTests.xctest */;
			productType = "com.apple.product-type.bundle.unit-test";
		};
/* End PBXNativeTarget section */

/* Begin PBXProject section */
		0A844DFCC7D90E81C054A51F /* Project object */ = {
			isa = PBXProject;
			attributes = {
				BuildIndependentTargetsInParallel = YES;
				LastUpgradeCheck = 1500;
				TargetAttributes = {
					8510B79B6373AAF2006E8AE0 = {
						DevelopmentTeam = "";
					};
				};
			};
			buildConfigurationList = D805152267FDECE4DCFEE38C /* Build configuration list for PBXProject "SlowDown" */;
			compatibilityVersion = "Xcode 14.0";
			developmentRegion = en;
			hasScannedForEncodings = 0;
			knownRegions = (
				Base,
				en,
			);
			mainGroup = 72E8893325DF86EFD871E51A;
			minimizedProjectReferenceProxies = 1;
			projectDirPath = "";
			projectRoot = "";
			targets = (
				06EC93AD269E9AE36A5AC746 /* SlowDown */,
				8510B79B6373AAF2006E8AE0 /* SlowDownTests */,
			);
		};
/* End PBXProject section */

/* Begin PBXResourcesBuildPhase section */
		D9013389AB1FC58DA0D5FCEC /* Resources */ = {
			isa = PBXResourcesBuildPhase;
			buildActionMask = 2147483647;
			files = (
				6E3EFD7529A2A551C85E98AA /* Assets.xcassets in Resources */,
			);
			runOnlyForDeploymentPostprocessing = 0;
		};
/* End PBXResourcesBuildPhase section */

/* Begin PBXSourcesBuildPhase section */
		71B84F8D67515930EE7DE839 /* Sources */ = {
			isa = PBXSourcesBuildPhase;
			buildActionMask = 2147483647;
			files = (
				F2494DD15E99DA31EBC6C853 /* CalibrateView.swift in Sources */,
				AEE5E9F1014FB5DF86235F65 /* Calibration.swift in Sources */,
				5F83FC68B519B12F37168B00 /* CalibrationViewModel.swift in Sources */,
				8476D7734E6AAEBAF8B10CA6 /* CaptureView.swift in Sources */,
				E9BF2C29F282081DE76D76B0 /* CaptureViewModel.swift in Sources */,
				499D85C05EDF14155F18497E /* ContentView.swift in Sources */,
				333D3FC00370C57191A68207 /* CoordinateMapper.swift in Sources */,
				270071BFE4F0935628F51ECD /* DirectionPicker.swift in Sources */,
				01E0A4CA2036226C253F9BB1 /* FrameMarkerView.swift in Sources */,
				FBFFDF5152E61D853A7BADE6 /* FrameSelectorView.swift in Sources */,
				FC8D0CD509CA5B797D652D66 /* HapticManager.swift in Sources */,
				1E2037461F4725FE112A6789 /* ImageMarkerOverlay.swift in Sources */,
				B3F40B691A4965F2819B1608 /* LocationManager.swift in Sources */,
				9104D4A2392996CF51EF2D44 /* LogView.swift in Sources */,
				DB52857F20445E4FBBD6953A /* LogViewModel.swift in Sources */,
				55126D7116238936F2E3499A /* MetricCard.swift in Sources */,
				D263CF5BEF68F353E468EE4F /* ReportExporter.swift in Sources */,
				F3E2A2A34D91CDB86D4F6312 /* ReportView.swift in Sources */,
				C01229A4FE6B452AA7CEB6CF /* ReportViewModel.swift in Sources */,
				FA9380EAFAF43A59CD314EFC /* RoadStandards.swift in Sources */,
				E890140F3AD6484B2E338961 /* SeedData.swift in Sources */,
				80B13B487F34D3B6CBF1FC96 /* SlowDownApp.swift in Sources */,
				7C1FBC89321E16CE10215FC8 /* SpeedBadge.swift in Sources */,
				8CB96CF489D2A17E05CBF8AC /* SpeedCalculator.swift in Sources */,
				5BE06A54090A6783BAE57517 /* SpeedEntry.swift in Sources */,
				C37F26DB693FF94A56BD05DE /* SpeedResultView.swift in Sources */,
				393B1301AF778C861DD3C3BF /* V85CardView.swift in Sources */,
				36228288005F49C791C71236 /* VehicleRefPicker.swift in Sources */,
				6A8F5973C5019DC6A70C9736 /* VehicleReferences.swift in Sources */,
				720160646B2B7CE17E9095B2 /* VehicleTypePicker.swift in Sources */,
				6088D4AD17C5682306077A13 /* VideoFrameExtractor.swift in Sources */,
				A42509DAED6C9A9778F83B8F /* VideoRecorderView.swift in Sources */,
			);
			runOnlyForDeploymentPostprocessing = 0;
		};
		930038B2081FB6A5F25E85B2 /* Sources */ = {
			isa = PBXSourcesBuildPhase;
			buildActionMask = 2147483647;
			files = (
				FA02A8015FC3CF96B9C0D74A /* CoordinateMapperTests.swift in Sources */,
				EB55E4C8D38D18A024E57937 /* SpeedCalculatorTests.swift in Sources */,
			);
			runOnlyForDeploymentPostprocessing = 0;
		};
/* End PBXSourcesBuildPhase section */

/* Begin PBXTargetDependency section */
		84CB3EC7C836D4C19F57B80D /* PBXTargetDependency */ = {
			isa = PBXTargetDependency;
			target = 06EC93AD269E9AE36A5AC746 /* SlowDown */;
			targetProxy = B55FDCAED47494EBD7BA09E2 /* PBXContainerItemProxy */;
		};
/* End PBXTargetDependency section */

/* Begin XCBuildConfiguration section */
		21B5819A290FC65B2B134C02 /* Release */ = {
			isa = XCBuildConfiguration;
			buildSettings = {
				ASSETCATALOG_COMPILER_APPICON_NAME = AppIcon;
				CODE_SIGN_IDENTITY = "iPhone Developer";
				CURRENT_PROJECT_VERSION = 1;
				DEVELOPMENT_TEAM = USDFZ2X72H;
				GENERATE_INFOPLIST_FILE = YES;
				INFOPLIST_KEY_NSCameraUsageDescription = "SlowDown needs camera access to record vehicles for speed estimation.";
				INFOPLIST_KEY_NSLocationWhenInUseUsageDescription = "SlowDown uses your location to tag speed measurements with street addresses.";
				INFOPLIST_KEY_NSPhotoLibraryUsageDescription = "SlowDown needs photo library access to import video clips.";
				INFOPLIST_KEY_UILaunchScreen_Generation = YES;
				LD_RUNPATH_SEARCH_PATHS = (
					"$(inherited)",
					"@executable_path/Frameworks",
				);
				MARKETING_VERSION = 1.0.0;
				PRODUCT_BUNDLE_IDENTIFIER = com.slowdown.app;
				SDKROOT = iphoneos;
				TARGETED_DEVICE_FAMILY = "1,2";
			};
			name = Release;
		};
		2C0CEE1342CFE172D0B488C4 /* Debug */ = {
			isa = XCBuildConfiguration;
			buildSettings = {
				ASSETCATALOG_COMPILER_APPICON_NAME = AppIcon;
				CODE_SIGN_IDENTITY = "iPhone Developer";
				CURRENT_PROJECT_VERSION = 1;
				DEVELOPMENT_TEAM = USDFZ2X72H;
				GENERATE_INFOPLIST_FILE = YES;
				INFOPLIST_KEY_NSCameraUsageDescription = "SlowDown needs camera access to record vehicles for speed estimation.";
				INFOPLIST_KEY_NSLocationWhenInUseUsageDescription = "SlowDown uses your location to tag speed measurements with street addresses.";
				INFOPLIST_KEY_NSPhotoLibraryUsageDescription = "SlowDown needs photo library access to import video clips.";
				INFOPLIST_KEY_UILaunchScreen_Generation = YES;
				LD_RUNPATH_SEARCH_PATHS = (
					"$(inherited)",
					"@executable_path/Frameworks",
				);
				MARKETING_VERSION = 1.0.0;
				PRODUCT_BUNDLE_IDENTIFIER = com.slowdown.app;
				SDKROOT = iphoneos;
				TARGETED_DEVICE_FAMILY = "1,2";
			};
			name = Debug;
		};
		3197EB2A4749C94C9E1B6E5B /* Release */ = {
			isa = XCBuildConfiguration;
			buildSettings = {
				BUNDLE_LOADER = "$(TEST_HOST)";
				GENERATE_INFOPLIST_FILE = YES;
				LD_RUNPATH_SEARCH_PATHS = (
					"$(inherited)",
					"@executable_path/Frameworks",
					"@loader_path/Frameworks",
				);
				PRODUCT_BUNDLE_IDENTIFIER = com.slowdown.SlowDownTests;
				SDKROOT = iphoneos;
				TARGETED_DEVICE_FAMILY = "1,2";
				TEST_HOST = "$(BUILT_PRODUCTS_DIR)/SlowDown.app/SlowDown";
			};
			name = Release;
		};
		415080842CF5F3A051C92144 /* Debug */ = {
			isa = XCBuildConfiguration;
			buildSettings = {
				ALWAYS_SEARCH_USER_PATHS = NO;
				CLANG_ANALYZER_NONNULL = YES;
				CLANG_ANALYZER_NUMBER_OBJECT_CONVERSION = YES_AGGRESSIVE;
				CLANG_CXX_LANGUAGE_STANDARD = "gnu++14";
				CLANG_CXX_LIBRARY = "libc++";
				CLANG_ENABLE_MODULES = YES;
				CLANG_ENABLE_OBJC_ARC = YES;
				CLANG_ENABLE_OBJC_WEAK = YES;
				CLANG_WARN_BLOCK_CAPTURE_AUTORELEASING = YES;
				CLANG_WARN_BOOL_CONVERSION = YES;
				CLANG_WARN_COMMA = YES;
				CLANG_WARN_CONSTANT_CONVERSION = YES;
				CLANG_WARN_DEPRECATED_OBJC_IMPLEMENTATIONS = YES;
				CLANG_WARN_DIRECT_OBJC_ISA_USAGE = YES_ERROR;
				CLANG_WARN_DOCUMENTATION_COMMENTS = YES;
				CLANG_WARN_EMPTY_BODY = YES;
				CLANG_WARN_ENUM_CONVERSION = YES;
				CLANG_WARN_INFINITE_RECURSION = YES;
				CLANG_WARN_INT_CONVERSION = YES;
				CLANG_WARN_NON_LITERAL_NULL_CONVERSION = YES;
				CLANG_WARN_OBJC_IMPLICIT_RETAIN_SELF = YES;
				CLANG_WARN_OBJC_LITERAL_CONVERSION = YES;
				CLANG_WARN_OBJC_ROOT_CLASS = YES_ERROR;
				CLANG_WARN_QUOTED_INCLUDE_IN_FRAMEWORK_HEADER = YES;
				CLANG_WARN_RANGE_LOOP_ANALYSIS = YES;
				CLANG_WARN_STRICT_PROTOTYPES = YES;
				CLANG_WARN_SUSPICIOUS_MOVE = YES;
				CLANG_WARN_UNGUARDED_AVAILABILITY = YES_AGGRESSIVE;
				CLANG_WARN_UNREACHABLE_CODE = YES;
				CLANG_WARN__DUPLICATE_METHOD_MATCH = YES;
				COPY_PHASE_STRIP = NO;
				DEBUG_INFORMATION_FORMAT = dwarf;
				DEVELOPMENT_TEAM = "";
				ENABLE_STRICT_OBJC_MSGSEND = YES;
				ENABLE_TESTABILITY = YES;
				GCC_C_LANGUAGE_STANDARD = gnu11;
				GCC_DYNAMIC_NO_PIC = NO;
				GCC_NO_COMMON_BLOCKS = YES;
				GCC_OPTIMIZATION_LEVEL = 0;
				GCC_PREPROCESSOR_DEFINITIONS = (
					"$(inherited)",
					"DEBUG=1",
				);
				GCC_WARN_64_TO_32_BIT_CONVERSION = YES;
				GCC_WARN_ABOUT_RETURN_TYPE = YES_ERROR;
				GCC_WARN_UNDECLARED_SELECTOR = YES;
				GCC_WARN_UNINITIALIZED_AUTOS = YES_AGGRESSIVE;
				GCC_WARN_UNUSED_FUNCTION = YES;
				GCC_WARN_UNUSED_VARIABLE = YES;
				IPHONEOS_DEPLOYMENT_TARGET = 17.0;
				MTL_ENABLE_DEBUG_INFO = INCLUDE_SOURCE;
				MTL_FAST_MATH = YES;
				ONLY_ACTIVE_ARCH = YES;
				PRODUCT_NAME = "$(TARGET_NAME)";
				SDKROOT = iphoneos;
				SWIFT_ACTIVE_COMPILATION_CONDITIONS = DEBUG;
				SWIFT_OPTIMIZATION_LEVEL = "-Onone";
				SWIFT_VERSION = 5.9;
			};
			name = Debug;
		};
		8B5771D48F9BA68C16D5153A /* Debug */ = {
			isa = XCBuildConfiguration;
			buildSettings = {
				BUNDLE_LOADER = "$(TEST_HOST)";
				GENERATE_INFOPLIST_FILE = YES;
				LD_RUNPATH_SEARCH_PATHS = (
					"$(inherited)",
					"@executable_path/Frameworks",
					"@loader_path/Frameworks",
				);
				PRODUCT_BUNDLE_IDENTIFIER = com.slowdown.SlowDownTests;
				SDKROOT = iphoneos;
				TARGETED_DEVICE_FAMILY = "1,2";
				TEST_HOST = "$(BUILT_PRODUCTS_DIR)/SlowDown.app/SlowDown";
			};
			name = Debug;
		};
		C1352975B5441E6CB5C772B0 /* Release */ = {
			isa = XCBuildConfiguration;
			buildSettings = {
				ALWAYS_SEARCH_USER_PATHS = NO;
				CLANG_ANALYZER_NONNULL = YES;
				CLANG_ANALYZER_NUMBER_OBJECT_CONVERSION = YES_AGGRESSIVE;
				CLANG_CXX_LANGUAGE_STANDARD = "gnu++14";
				CLANG_CXX_LIBRARY = "libc++";
				CLANG_ENABLE_MODULES = YES;
				CLANG_ENABLE_OBJC_ARC = YES;
				CLANG_ENABLE_OBJC_WEAK = YES;
				CLANG_WARN_BLOCK_CAPTURE_AUTORELEASING = YES;
				CLANG_WARN_BOOL_CONVERSION = YES;
				CLANG_WARN_COMMA = YES;
				CLANG_WARN_CONSTANT_CONVERSION = YES;
				CLANG_WARN_DEPRECATED_OBJC_IMPLEMENTATIONS = YES;
				CLANG_WARN_DIRECT_OBJC_ISA_USAGE = YES_ERROR;
				CLANG_WARN_DOCUMENTATION_COMMENTS = YES;
				CLANG_WARN_EMPTY_BODY = YES;
				CLANG_WARN_ENUM_CONVERSION = YES;
				CLANG_WARN_INFINITE_RECURSION = YES;
				CLANG_WARN_INT_CONVERSION = YES;
				CLANG_WARN_NON_LITERAL_NULL_CONVERSION = YES;
				CLANG_WARN_OBJC_IMPLICIT_RETAIN_SELF = YES;
				CLANG_WARN_OBJC_LITERAL_CONVERSION = YES;
				CLANG_WARN_OBJC_ROOT_CLASS = YES_ERROR;
				CLANG_WARN_QUOTED_INCLUDE_IN_FRAMEWORK_HEADER = YES;
				CLANG_WARN_RANGE_LOOP_ANALYSIS = YES;
				CLANG_WARN_STRICT_PROTOTYPES = YES;
				CLANG_WARN_SUSPICIOUS_MOVE = YES;
				CLANG_WARN_UNGUARDED_AVAILABILITY = YES_AGGRESSIVE;
				CLANG_WARN_UNREACHABLE_CODE = YES;
				CLANG_WARN__DUPLICATE_METHOD_MATCH = YES;
				COPY_PHASE_STRIP = NO;
				DEBUG_INFORMATION_FORMAT = "dwarf-with-dsym";
				DEVELOPMENT_TEAM = "";
				ENABLE_NS_ASSERTIONS = NO;
				ENABLE_STRICT_OBJC_MSGSEND = YES;
				GCC_C_LANGUAGE_STANDARD = gnu11;
				GCC_NO_COMMON_BLOCKS = YES;
				GCC_WARN_64_TO_32_BIT_CONVERSION = YES;
				GCC_WARN_ABOUT_RETURN_TYPE = YES_ERROR;
				GCC_WARN_UNDECLARED_SELECTOR = YES;
				GCC_WARN_UNINITIALIZED_AUTOS = YES_AGGRESSIVE;
				GCC_WARN_UNUSED_FUNCTION = YES;
				GCC_WARN_UNUSED_VARIABLE = YES;
				IPHONEOS_DEPLOYMENT_TARGET = 17.0;
				MTL_ENABLE_DEBUG_INFO = NO;
				MTL_FAST_MATH = YES;
				PRODUCT_NAME = "$(TARGET_NAME)";
				SDKROOT = iphoneos;
				SWIFT_COMPILATION_MODE = wholemodule;
				SWIFT_OPTIMIZATION_LEVEL = "-O";
				SWIFT_VERSION = 5.9;
			};
			name = Release;
		};
/* End XCBuildConfiguration section */

/* Begin XCConfigurationList section */
		41EB1B15DFCD408287F04E7F /* Build configuration list for PBXNativeTarget "SlowDownTests" */ = {
			isa = XCConfigurationList;
			buildConfigurations = (
				8B5771D48F9BA68C16D5153A /* Debug */,
				3197EB2A4749C94C9E1B6E5B /* Release */,
			);
			defaultConfigurationIsVisible = 0;
			defaultConfigurationName = Debug;
		};
		A867473AEA3C4140E8C6D60D /* Build configuration list for PBXNativeTarget "SlowDown" */ = {
			isa = XCConfigurationList;
			buildConfigurations = (
				2C0CEE1342CFE172D0B488C4 /* Debug */,
				21B5819A290FC65B2B134C02 /* Release */,
			);
			defaultConfigurationIsVisible = 0;
			defaultConfigurationName = Debug;
		};
		D805152267FDECE4DCFEE38C /* Build configuration list for PBXProject "SlowDown" */ = {
			isa = XCConfigurationList;
			buildConfigurations = (
				415080842CF5F3A051C92144 /* Debug */,
				C1352975B5441E6CB5C772B0 /* Release */,
			);
			defaultConfigurationIsVisible = 0;
			defaultConfigurationName = Debug;
		};
/* End XCConfigurationList section */
	};
	rootObject = 0A844DFCC7D90E81C054A51F /* Project object */;
}
